PODS:
  - DXPopoverKnockdownFork (0.1.3)
  - RMTutorial (0.1.9):
    - DXPopoverKnockdownFork

DEPENDENCIES:
  - RMTutorial (from `../`)

EXTERNAL SOURCES:
  RMTutorial:
    :path: ../

SPEC CHECKSUMS:
  DXPopoverKnockdownFork: 8770b6567747ce7279c8a1d9150732d96a23769e
  RMTutorial: a87f6547ed85529191898abc70b4360ac1382ca6

COCOAPODS: 0.39.0
